
Microsoft Visual Studio Solution File, Format Version 12.00
# Visual Studio Version 17
VisualStudioVersion = 17.5.33424.131
MinimumVisualStudioVersion = 10.0.40219.1
Project("{9A19103F-16F7-4668-BE54-9A1E7A4F7556}") = "Solitons.Core", "src\Solitons.Core\Solitons.Core.csproj", "{DBF48074-7145-4CCD-BD9D-6BBB3C15AC9C}"
EndProject
Project("{2150E333-8FDC-42A3-9474-1A3956D46DE8}") = "src", "src", "{5C7A6E01-EF54-4B4F-872F-D1EF4617F259}"
EndProject
Project("{9A19103F-16F7-4668-BE54-9A1E7A4F7556}") = "Solitons.Examples.WebApp.Data", "examples\WebApp\Solitons.Examples.WebApp.Data\Solitons.Examples.WebApp.Data.csproj", "{34CB0591-BAC2-4115-ADC6-D81B53C3AAFA}"
EndProject
Project("{FAE04EC0-301F-11D3-BF4B-00C04F79EFBC}") = "Solitons.Examples.WebApp.Azure", "examples\WebApp\Solitons.Examples.WebApp.Azure\Solitons.Examples.WebApp.Azure.csproj", "{0903E606-68BF-49E7-8F98-01F456AC72B8}"
EndProject
Global
	GlobalSection(SolutionConfigurationPlatforms) = preSolution
		Debug|Any CPU = Debug|Any CPU
		Release|Any CPU = Release|Any CPU
	EndGlobalSection
	GlobalSection(ProjectConfigurationPlatforms) = postSolution
		{DBF48074-7145-4CCD-BD9D-6BBB3C15AC9C}.Debug|Any CPU.ActiveCfg = Debug|Any CPU
		{DBF48074-7145-4CCD-BD9D-6BBB3C15AC9C}.Debug|Any CPU.Build.0 = Debug|Any CPU
		{DBF48074-7145-4CCD-BD9D-6BBB3C15AC9C}.Release|Any CPU.ActiveCfg = Release|Any CPU
		{DBF48074-7145-4CCD-BD9D-6BBB3C15AC9C}.Release|Any CPU.Build.0 = Release|Any CPU
		{34CB0591-BAC2-4115-ADC6-D81B53C3AAFA}.Debug|Any CPU.ActiveCfg = Debug|Any CPU
		{34CB0591-BAC2-4115-ADC6-D81B53C3AAFA}.Debug|Any CPU.Build.0 = Debug|Any CPU
		{34CB0591-BAC2-4115-ADC6-D81B53C3AAFA}.Release|Any CPU.ActiveCfg = Release|Any CPU
		{34CB0591-BAC2-4115-ADC6-D81B53C3AAFA}.Release|Any CPU.Build.0 = Release|Any CPU
		{0903E606-68BF-49E7-8F98-01F456AC72B8}.Debug|Any CPU.ActiveCfg = Debug|Any CPU
		{0903E606-68BF-49E7-8F98-01F456AC72B8}.Debug|Any CPU.Build.0 = Debug|Any CPU
		{0903E606-68BF-49E7-8F98-01F456AC72B8}.Release|Any CPU.ActiveCfg = Release|Any CPU
		{0903E606-68BF-49E7-8F98-01F456AC72B8}.Release|Any CPU.Build.0 = Release|Any CPU
	EndGlobalSection
	GlobalSection(SolutionProperties) = preSolution
		HideSolutionNode = FALSE
	EndGlobalSection
	GlobalSection(NestedProjects) = preSolution
		{DBF48074-7145-4CCD-BD9D-6BBB3C15AC9C} = {5C7A6E01-EF54-4B4F-872F-D1EF4617F259}
	EndGlobalSection
	GlobalSection(ExtensibilityGlobals) = postSolution
		SolutionGuid = {D088D5EA-A337-47A3-9567-7DC65A06A5FD}
	EndGlobalSection
EndGlobal
