
Microsoft Visual Studio Solution File, Format Version 12.00
# Visual Studio Version 17
VisualStudioVersion = 17.0.31919.166
MinimumVisualStudioVersion = 10.0.40219.1
Project("{2150E333-8FDC-42A3-9474-1A3956D46DE8}") = "test", "test", "{DB791940-BAE2-4E26-8350-6AD151C512E1}"
EndProject
Project("{9A19103F-16F7-4668-BE54-9A1E7A4F7556}") = "Solitons.Core", "src\Solitons.Core\Solitons.Core.csproj", "{11DF3331-3FC8-46AC-BD85-59D33215CF7C}"
EndProject
Project("{9A19103F-16F7-4668-BE54-9A1E7A4F7556}") = "Solitons.Core.XUnitTest", "test\Solitons.Core.XUnitTest\Solitons.Core.XUnitTest.csproj", "{2E80D5AF-6806-47AE-8B91-35C8789C81D0}"
EndProject
Project("{2150E333-8FDC-42A3-9474-1A3956D46DE8}") = "samples", "samples", "{F6C6FD59-6DF0-4D2A-AA66-8A0CD3DD3D49}"
EndProject
Project("{2150E333-8FDC-42A3-9474-1A3956D46DE8}") = "SampleSoft", "SampleSoft", "{8AC650EB-DCEE-4430-A6C2-B9BB94B90319}"
EndProject
Project("{9A19103F-16F7-4668-BE54-9A1E7A4F7556}") = "SampleSoft.SkyNet", "samples\SampleSoft\SkyNet\SampleSoft.SkyNet\SampleSoft.SkyNet.csproj", "{A6F28118-5E29-4BB5-BAEA-180E936F341C}"
EndProject
Project("{9A19103F-16F7-4668-BE54-9A1E7A4F7556}") = "SampleSoft.SkyNet.Core", "samples\SampleSoft\SkyNet\SampleSoft.SkyNet.Core\SampleSoft.SkyNet.Core.csproj", "{FD11BD37-B6E4-477A-A184-6FCF3F224101}"
EndProject
Project("{9A19103F-16F7-4668-BE54-9A1E7A4F7556}") = "SampleSoft.SkyNet.Azure", "samples\SampleSoft\SkyNet\SampleSoft.SkyNet.Azure\SampleSoft.SkyNet.Azure.csproj", "{D6E2DFA8-2801-441B-AB5D-26869BA44B05}"
EndProject
Project("{9A19103F-16F7-4668-BE54-9A1E7A4F7556}") = "SampleSoft.SkyNet.Control", "samples\SampleSoft\SkyNet\SampleSoft.SkyNet.Control\SampleSoft.SkyNet.Control.csproj", "{811AF405-1521-4645-88B4-5F2D19A46A4F}"
EndProject
Project("{9A19103F-16F7-4668-BE54-9A1E7A4F7556}") = "SampleSoft.SkyNet.Portal", "samples\SampleSoft\SkyNet\SampleSoft.SkyNet.Portal\SampleSoft.SkyNet.Portal.csproj", "{48497A82-4E31-42D2-91B8-80F97D7E3355}"
EndProject
Project("{9A19103F-16F7-4668-BE54-9A1E7A4F7556}") = "SampleSoft.SkyNet.AdminConsole", "samples\SampleSoft\SkyNet\SampleSoft.SkyNet.AdminConsole\SampleSoft.SkyNet.AdminConsole.csproj", "{70340BEA-866D-47EF-9763-D7B36F4B3520}"
EndProject
Project("{9A19103F-16F7-4668-BE54-9A1E7A4F7556}") = "SampleSoft.SkyNet.WebService", "samples\SampleSoft\SkyNet\SampleSoft.SkyNet.WebService\SampleSoft.SkyNet.WebService.csproj", "{6E20C12C-49AA-438A-93C4-F6888D0BCA70}"
EndProject
Project("{9A19103F-16F7-4668-BE54-9A1E7A4F7556}") = "SampleSoft.SkyNet.Backend", "samples\SampleSoft\SkyNet\SampleSoft.SkyNet.Backend\SampleSoft.SkyNet.Backend.csproj", "{96C184E9-D3A5-41D4-A5F0-DBDCD486B93E}"
EndProject
Global
	GlobalSection(SolutionConfigurationPlatforms) = preSolution
		Debug|Any CPU = Debug|Any CPU
		Release|Any CPU = Release|Any CPU
	EndGlobalSection
	GlobalSection(ProjectConfigurationPlatforms) = postSolution
		{11DF3331-3FC8-46AC-BD85-59D33215CF7C}.Debug|Any CPU.ActiveCfg = Debug|Any CPU
		{11DF3331-3FC8-46AC-BD85-59D33215CF7C}.Debug|Any CPU.Build.0 = Debug|Any CPU
		{11DF3331-3FC8-46AC-BD85-59D33215CF7C}.Release|Any CPU.ActiveCfg = Release|Any CPU
		{11DF3331-3FC8-46AC-BD85-59D33215CF7C}.Release|Any CPU.Build.0 = Release|Any CPU
		{2E80D5AF-6806-47AE-8B91-35C8789C81D0}.Debug|Any CPU.ActiveCfg = Debug|Any CPU
		{2E80D5AF-6806-47AE-8B91-35C8789C81D0}.Debug|Any CPU.Build.0 = Debug|Any CPU
		{2E80D5AF-6806-47AE-8B91-35C8789C81D0}.Release|Any CPU.ActiveCfg = Release|Any CPU
		{2E80D5AF-6806-47AE-8B91-35C8789C81D0}.Release|Any CPU.Build.0 = Release|Any CPU
		{A6F28118-5E29-4BB5-BAEA-180E936F341C}.Debug|Any CPU.ActiveCfg = Debug|Any CPU
		{A6F28118-5E29-4BB5-BAEA-180E936F341C}.Debug|Any CPU.Build.0 = Debug|Any CPU
		{A6F28118-5E29-4BB5-BAEA-180E936F341C}.Release|Any CPU.ActiveCfg = Release|Any CPU
		{A6F28118-5E29-4BB5-BAEA-180E936F341C}.Release|Any CPU.Build.0 = Release|Any CPU
		{FD11BD37-B6E4-477A-A184-6FCF3F224101}.Debug|Any CPU.ActiveCfg = Debug|Any CPU
		{FD11BD37-B6E4-477A-A184-6FCF3F224101}.Debug|Any CPU.Build.0 = Debug|Any CPU
		{FD11BD37-B6E4-477A-A184-6FCF3F224101}.Release|Any CPU.ActiveCfg = Release|Any CPU
		{FD11BD37-B6E4-477A-A184-6FCF3F224101}.Release|Any CPU.Build.0 = Release|Any CPU
		{D6E2DFA8-2801-441B-AB5D-26869BA44B05}.Debug|Any CPU.ActiveCfg = Debug|Any CPU
		{D6E2DFA8-2801-441B-AB5D-26869BA44B05}.Debug|Any CPU.Build.0 = Debug|Any CPU
		{D6E2DFA8-2801-441B-AB5D-26869BA44B05}.Release|Any CPU.ActiveCfg = Release|Any CPU
		{D6E2DFA8-2801-441B-AB5D-26869BA44B05}.Release|Any CPU.Build.0 = Release|Any CPU
		{811AF405-1521-4645-88B4-5F2D19A46A4F}.Debug|Any CPU.ActiveCfg = Debug|Any CPU
		{811AF405-1521-4645-88B4-5F2D19A46A4F}.Debug|Any CPU.Build.0 = Debug|Any CPU
		{811AF405-1521-4645-88B4-5F2D19A46A4F}.Release|Any CPU.ActiveCfg = Release|Any CPU
		{811AF405-1521-4645-88B4-5F2D19A46A4F}.Release|Any CPU.Build.0 = Release|Any CPU
		{48497A82-4E31-42D2-91B8-80F97D7E3355}.Debug|Any CPU.ActiveCfg = Debug|Any CPU
		{48497A82-4E31-42D2-91B8-80F97D7E3355}.Debug|Any CPU.Build.0 = Debug|Any CPU
		{48497A82-4E31-42D2-91B8-80F97D7E3355}.Release|Any CPU.ActiveCfg = Release|Any CPU
		{48497A82-4E31-42D2-91B8-80F97D7E3355}.Release|Any CPU.Build.0 = Release|Any CPU
		{70340BEA-866D-47EF-9763-D7B36F4B3520}.Debug|Any CPU.ActiveCfg = Debug|Any CPU
		{70340BEA-866D-47EF-9763-D7B36F4B3520}.Debug|Any CPU.Build.0 = Debug|Any CPU
		{70340BEA-866D-47EF-9763-D7B36F4B3520}.Release|Any CPU.ActiveCfg = Release|Any CPU
		{70340BEA-866D-47EF-9763-D7B36F4B3520}.Release|Any CPU.Build.0 = Release|Any CPU
		{6E20C12C-49AA-438A-93C4-F6888D0BCA70}.Debug|Any CPU.ActiveCfg = Debug|Any CPU
		{6E20C12C-49AA-438A-93C4-F6888D0BCA70}.Debug|Any CPU.Build.0 = Debug|Any CPU
		{6E20C12C-49AA-438A-93C4-F6888D0BCA70}.Release|Any CPU.ActiveCfg = Release|Any CPU
		{6E20C12C-49AA-438A-93C4-F6888D0BCA70}.Release|Any CPU.Build.0 = Release|Any CPU
		{96C184E9-D3A5-41D4-A5F0-DBDCD486B93E}.Debug|Any CPU.ActiveCfg = Debug|Any CPU
		{96C184E9-D3A5-41D4-A5F0-DBDCD486B93E}.Debug|Any CPU.Build.0 = Debug|Any CPU
		{96C184E9-D3A5-41D4-A5F0-DBDCD486B93E}.Release|Any CPU.ActiveCfg = Release|Any CPU
		{96C184E9-D3A5-41D4-A5F0-DBDCD486B93E}.Release|Any CPU.Build.0 = Release|Any CPU
	EndGlobalSection
	GlobalSection(SolutionProperties) = preSolution
		HideSolutionNode = FALSE
	EndGlobalSection
	GlobalSection(NestedProjects) = preSolution
		{2E80D5AF-6806-47AE-8B91-35C8789C81D0} = {DB791940-BAE2-4E26-8350-6AD151C512E1}
		{8AC650EB-DCEE-4430-A6C2-B9BB94B90319} = {F6C6FD59-6DF0-4D2A-AA66-8A0CD3DD3D49}
		{A6F28118-5E29-4BB5-BAEA-180E936F341C} = {8AC650EB-DCEE-4430-A6C2-B9BB94B90319}
		{FD11BD37-B6E4-477A-A184-6FCF3F224101} = {8AC650EB-DCEE-4430-A6C2-B9BB94B90319}
		{D6E2DFA8-2801-441B-AB5D-26869BA44B05} = {8AC650EB-DCEE-4430-A6C2-B9BB94B90319}
		{811AF405-1521-4645-88B4-5F2D19A46A4F} = {8AC650EB-DCEE-4430-A6C2-B9BB94B90319}
		{48497A82-4E31-42D2-91B8-80F97D7E3355} = {8AC650EB-DCEE-4430-A6C2-B9BB94B90319}
		{70340BEA-866D-47EF-9763-D7B36F4B3520} = {8AC650EB-DCEE-4430-A6C2-B9BB94B90319}
		{6E20C12C-49AA-438A-93C4-F6888D0BCA70} = {8AC650EB-DCEE-4430-A6C2-B9BB94B90319}
		{96C184E9-D3A5-41D4-A5F0-DBDCD486B93E} = {8AC650EB-DCEE-4430-A6C2-B9BB94B90319}
	EndGlobalSection
	GlobalSection(ExtensibilityGlobals) = postSolution
		SolutionGuid = {593115E7-87DB-44E7-8F3B-0D2FDF30FB0F}
	EndGlobalSection
EndGlobal
