
Microsoft Visual Studio Solution File, Format Version 12.00
# Visual Studio Version 17
VisualStudioVersion = 17.0.31919.166
MinimumVisualStudioVersion = 10.0.40219.1
Project("{2150E333-8FDC-42A3-9474-1A3956D46DE8}") = "test", "test", "{DB791940-BAE2-4E26-8350-6AD151C512E1}"
EndProject
Project("{9A19103F-16F7-4668-BE54-9A1E7A4F7556}") = "Solitons.Core", "src\Solitons.Core\Solitons.Core.csproj", "{11DF3331-3FC8-46AC-BD85-59D33215CF7C}"
EndProject
Project("{9A19103F-16F7-4668-BE54-9A1E7A4F7556}") = "Solitons.Core.XUnitTest", "test\Solitons.Core.XUnitTest\Solitons.Core.XUnitTest.csproj", "{2E80D5AF-6806-47AE-8B91-35C8789C81D0}"
EndProject
Project("{9A19103F-16F7-4668-BE54-9A1E7A4F7556}") = "Solitons.Azure.XUnitTest", "test\Solitons.Azure.XUnitTest\Solitons.Azure.XUnitTest.csproj", "{903107F9-C45E-4DE8-AEDA-244F3C0D8BFE}"
EndProject
Project("{2150E333-8FDC-42A3-9474-1A3956D46DE8}") = "samples", "samples", "{F6C6FD59-6DF0-4D2A-AA66-8A0CD3DD3D49}"
EndProject
Project("{9A19103F-16F7-4668-BE54-9A1E7A4F7556}") = "Solitons.Samples.Database", "samples\Solitons.Samples.Database\Solitons.Samples.Database.csproj", "{76EC9099-5E69-40EE-9A6A-FA93B8CF5C08}"
EndProject
Project("{9A19103F-16F7-4668-BE54-9A1E7A4F7556}") = "Solitons.Samples.Domain", "samples\Solitons.Samples.Domain\Solitons.Samples.Domain.csproj", "{0988B0E2-DA7F-4E92-AEE8-C838EE3F92A1}"
EndProject
Project("{9A19103F-16F7-4668-BE54-9A1E7A4F7556}") = "Solitons.Samples.Azure", "samples\Solitons.Samples.Azure\Solitons.Samples.Azure.csproj", "{0565306A-0119-4B6D-B77E-CDB13C170A63}"
EndProject
Project("{9A19103F-16F7-4668-BE54-9A1E7A4F7556}") = "Solitons.Samples.Frontend.Shared", "samples\Solitons.Samples.Frontend\Shared\Solitons.Samples.Frontend.Shared.csproj", "{C7FDD978-FE4C-4ADE-9F83-59E5148350F3}"
EndProject
Project("{9A19103F-16F7-4668-BE54-9A1E7A4F7556}") = "Solitons.Samples.Frontend.Server", "samples\Solitons.Samples.Frontend\Server\Solitons.Samples.Frontend.Server.csproj", "{EF18277A-6ED7-4043-A7A4-015D898AF3EE}"
EndProject
Project("{9A19103F-16F7-4668-BE54-9A1E7A4F7556}") = "Solitons.Samples.Frontend.Client", "samples\Solitons.Samples.Frontend\Client\Solitons.Samples.Frontend.Client.csproj", "{6B2EA6F5-6BE4-4444-9CBC-CA53AAD48962}"
EndProject
Project("{2150E333-8FDC-42A3-9474-1A3956D46DE8}") = "Frontend", "Frontend", "{D630A1EC-7CF1-4646-8360-FE3EA9EC564F}"
EndProject
Project("{9A19103F-16F7-4668-BE54-9A1E7A4F7556}") = "Solitons.Samples", "samples\Solitons.Samples\Solitons.Samples.csproj", "{3C67810E-BB49-4899-A503-3A251D3D9323}"
EndProject
Global
	GlobalSection(SolutionConfigurationPlatforms) = preSolution
		Debug|Any CPU = Debug|Any CPU
		Release|Any CPU = Release|Any CPU
	EndGlobalSection
	GlobalSection(ProjectConfigurationPlatforms) = postSolution
		{11DF3331-3FC8-46AC-BD85-59D33215CF7C}.Debug|Any CPU.ActiveCfg = Debug|Any CPU
		{11DF3331-3FC8-46AC-BD85-59D33215CF7C}.Debug|Any CPU.Build.0 = Debug|Any CPU
		{11DF3331-3FC8-46AC-BD85-59D33215CF7C}.Release|Any CPU.ActiveCfg = Release|Any CPU
		{11DF3331-3FC8-46AC-BD85-59D33215CF7C}.Release|Any CPU.Build.0 = Release|Any CPU
		{2E80D5AF-6806-47AE-8B91-35C8789C81D0}.Debug|Any CPU.ActiveCfg = Debug|Any CPU
		{2E80D5AF-6806-47AE-8B91-35C8789C81D0}.Debug|Any CPU.Build.0 = Debug|Any CPU
		{2E80D5AF-6806-47AE-8B91-35C8789C81D0}.Release|Any CPU.ActiveCfg = Release|Any CPU
		{2E80D5AF-6806-47AE-8B91-35C8789C81D0}.Release|Any CPU.Build.0 = Release|Any CPU
		{903107F9-C45E-4DE8-AEDA-244F3C0D8BFE}.Debug|Any CPU.ActiveCfg = Debug|Any CPU
		{903107F9-C45E-4DE8-AEDA-244F3C0D8BFE}.Debug|Any CPU.Build.0 = Debug|Any CPU
		{903107F9-C45E-4DE8-AEDA-244F3C0D8BFE}.Release|Any CPU.ActiveCfg = Release|Any CPU
		{903107F9-C45E-4DE8-AEDA-244F3C0D8BFE}.Release|Any CPU.Build.0 = Release|Any CPU
		{76EC9099-5E69-40EE-9A6A-FA93B8CF5C08}.Debug|Any CPU.ActiveCfg = Debug|Any CPU
		{76EC9099-5E69-40EE-9A6A-FA93B8CF5C08}.Debug|Any CPU.Build.0 = Debug|Any CPU
		{76EC9099-5E69-40EE-9A6A-FA93B8CF5C08}.Release|Any CPU.ActiveCfg = Release|Any CPU
		{76EC9099-5E69-40EE-9A6A-FA93B8CF5C08}.Release|Any CPU.Build.0 = Release|Any CPU
		{0988B0E2-DA7F-4E92-AEE8-C838EE3F92A1}.Debug|Any CPU.ActiveCfg = Debug|Any CPU
		{0988B0E2-DA7F-4E92-AEE8-C838EE3F92A1}.Debug|Any CPU.Build.0 = Debug|Any CPU
		{0988B0E2-DA7F-4E92-AEE8-C838EE3F92A1}.Release|Any CPU.ActiveCfg = Release|Any CPU
		{0988B0E2-DA7F-4E92-AEE8-C838EE3F92A1}.Release|Any CPU.Build.0 = Release|Any CPU
		{0565306A-0119-4B6D-B77E-CDB13C170A63}.Debug|Any CPU.ActiveCfg = Debug|Any CPU
		{0565306A-0119-4B6D-B77E-CDB13C170A63}.Debug|Any CPU.Build.0 = Debug|Any CPU
		{0565306A-0119-4B6D-B77E-CDB13C170A63}.Release|Any CPU.ActiveCfg = Release|Any CPU
		{0565306A-0119-4B6D-B77E-CDB13C170A63}.Release|Any CPU.Build.0 = Release|Any CPU
		{C7FDD978-FE4C-4ADE-9F83-59E5148350F3}.Debug|Any CPU.ActiveCfg = Debug|Any CPU
		{C7FDD978-FE4C-4ADE-9F83-59E5148350F3}.Debug|Any CPU.Build.0 = Debug|Any CPU
		{C7FDD978-FE4C-4ADE-9F83-59E5148350F3}.Release|Any CPU.ActiveCfg = Release|Any CPU
		{C7FDD978-FE4C-4ADE-9F83-59E5148350F3}.Release|Any CPU.Build.0 = Release|Any CPU
		{EF18277A-6ED7-4043-A7A4-015D898AF3EE}.Debug|Any CPU.ActiveCfg = Debug|Any CPU
		{EF18277A-6ED7-4043-A7A4-015D898AF3EE}.Debug|Any CPU.Build.0 = Debug|Any CPU
		{EF18277A-6ED7-4043-A7A4-015D898AF3EE}.Release|Any CPU.ActiveCfg = Release|Any CPU
		{EF18277A-6ED7-4043-A7A4-015D898AF3EE}.Release|Any CPU.Build.0 = Release|Any CPU
		{6B2EA6F5-6BE4-4444-9CBC-CA53AAD48962}.Debug|Any CPU.ActiveCfg = Debug|Any CPU
		{6B2EA6F5-6BE4-4444-9CBC-CA53AAD48962}.Debug|Any CPU.Build.0 = Debug|Any CPU
		{6B2EA6F5-6BE4-4444-9CBC-CA53AAD48962}.Release|Any CPU.ActiveCfg = Release|Any CPU
		{6B2EA6F5-6BE4-4444-9CBC-CA53AAD48962}.Release|Any CPU.Build.0 = Release|Any CPU
		{3C67810E-BB49-4899-A503-3A251D3D9323}.Debug|Any CPU.ActiveCfg = Debug|Any CPU
		{3C67810E-BB49-4899-A503-3A251D3D9323}.Debug|Any CPU.Build.0 = Debug|Any CPU
		{3C67810E-BB49-4899-A503-3A251D3D9323}.Release|Any CPU.ActiveCfg = Release|Any CPU
		{3C67810E-BB49-4899-A503-3A251D3D9323}.Release|Any CPU.Build.0 = Release|Any CPU
	EndGlobalSection
	GlobalSection(SolutionProperties) = preSolution
		HideSolutionNode = FALSE
	EndGlobalSection
	GlobalSection(NestedProjects) = preSolution
		{2E80D5AF-6806-47AE-8B91-35C8789C81D0} = {DB791940-BAE2-4E26-8350-6AD151C512E1}
		{903107F9-C45E-4DE8-AEDA-244F3C0D8BFE} = {DB791940-BAE2-4E26-8350-6AD151C512E1}
		{76EC9099-5E69-40EE-9A6A-FA93B8CF5C08} = {F6C6FD59-6DF0-4D2A-AA66-8A0CD3DD3D49}
		{0988B0E2-DA7F-4E92-AEE8-C838EE3F92A1} = {F6C6FD59-6DF0-4D2A-AA66-8A0CD3DD3D49}
		{0565306A-0119-4B6D-B77E-CDB13C170A63} = {F6C6FD59-6DF0-4D2A-AA66-8A0CD3DD3D49}
		{C7FDD978-FE4C-4ADE-9F83-59E5148350F3} = {D630A1EC-7CF1-4646-8360-FE3EA9EC564F}
		{EF18277A-6ED7-4043-A7A4-015D898AF3EE} = {D630A1EC-7CF1-4646-8360-FE3EA9EC564F}
		{6B2EA6F5-6BE4-4444-9CBC-CA53AAD48962} = {D630A1EC-7CF1-4646-8360-FE3EA9EC564F}
		{D630A1EC-7CF1-4646-8360-FE3EA9EC564F} = {F6C6FD59-6DF0-4D2A-AA66-8A0CD3DD3D49}
		{3C67810E-BB49-4899-A503-3A251D3D9323} = {F6C6FD59-6DF0-4D2A-AA66-8A0CD3DD3D49}
	EndGlobalSection
	GlobalSection(ExtensibilityGlobals) = postSolution
		SolutionGuid = {593115E7-87DB-44E7-8F3B-0D2FDF30FB0F}
	EndGlobalSection
EndGlobal
